
Microsoft Visual Studio Solution File, Format Version 12.00
# Visual Studio Version 17
VisualStudioVersion = 17.11.35312.102
MinimumVisualStudioVersion = 10.0.40219.1
Project("{FAE04EC0-301F-11D3-BF4B-00C04F79EFBC}") = "practicaNumero9000", "practicaNumero9000.csproj", "{B2DCE061-31C3-4038-9008-644EDB8AE099}"
EndProject
Global
	GlobalSection(SolutionConfigurationPlatforms) = preSolution
		Debug|Any CPU = Debug|Any CPU
		Release|Any CPU = Release|Any CPU
	EndGlobalSection
	GlobalSection(ProjectConfigurationPlatforms) = postSolution
		{B2DCE061-31C3-4038-9008-644EDB8AE099}.Debug|Any CPU.ActiveCfg = Debug|Any CPU
		{B2DCE061-31C3-4038-9008-644EDB8AE099}.Debug|Any CPU.Build.0 = Debug|Any CPU
		{B2DCE061-31C3-4038-9008-644EDB8AE099}.Release|Any CPU.ActiveCfg = Release|Any CPU
		{B2DCE061-31C3-4038-9008-644EDB8AE099}.Release|Any CPU.Build.0 = Release|Any CPU
	EndGlobalSection
	GlobalSection(SolutionProperties) = preSolution
		HideSolutionNode = FALSE
	EndGlobalSection
	GlobalSection(ExtensibilityGlobals) = postSolution
		SolutionGuid = {703B513E-6479-4AA5-8CE9-4FD37C6FD851}
	EndGlobalSection
EndGlobal
